// !$*UTF8*$!
{
	archiveVersion = 1;
	classes = {
	};
	objectVersion = 46;
	objects = {

/* Begin PBXBuildFile section */
		558C76DB1D86318A001190A3 /* main.m in Sources */ = {isa = PBXBuildFile; fileRef = 558C76DA1D86318A001190A3 /* main.m */; };
		558C76DE1D86318A001190A3 /* AppDelegate.m in Sources */ = {isa = PBXBuildFile; fileRef = 558C76DD1D86318A001190A3 /* AppDelegate.m */; };
		558C76E41D86318A001190A3 /* Main.storyboard in Resources */ = {isa = PBXBuildFile; fileRef = 558C76E21D86318A001190A3 /* Main.storyboard */; };
		558C76E61D86318A001190A3 /* Assets.xcassets in Resources */ = {isa = PBXBuildFile; fileRef = 558C76E51D86318A001190A3 /* Assets.xcassets */; };
		558C76E91D86318A001190A3 /* LaunchScreen.storyboard in Resources */ = {isa = PBXBuildFile; fileRef = 558C76E71D86318A001190A3 /* LaunchScreen.storyboard */; };
		558C76F11D8632EF001190A3 /* lista.plist in Resources */ = {isa = PBXBuildFile; fileRef = 558C76F01D8632EF001190A3 /* lista.plist */; };
		558C76F41D863D91001190A3 /* TableViewController.m in Sources */ = {isa = PBXBuildFile; fileRef = 558C76F31D863D91001190A3 /* TableViewController.m */; };
		558C76F71D86401A001190A3 /* DetalheViewController.m in Sources */ = {isa = PBXBuildFile; fileRef = 558C76F61D86401A001190A3 /* DetalheViewController.m */; };
/* End PBXBuildFile section */

/* Begin PBXFileReference section */
		558C76D61D86318A001190A3 /* DesafioAula4.app */ = {isa = PBXFileReference; explicitFileType = wrapper.application; includeInIndex = 0; path = DesafioAula4.app; sourceTree = BUILT_PRODUCTS_DIR; };
		558C76DA1D86318A001190A3 /* main.m */ = {isa = PBXFileReference; lastKnownFileType = sourcecode.c.objc; path = main.m; sourceTree = "<group>"; };
		558C76DC1D86318A001190A3 /* AppDelegate.h */ = {isa = PBXFileReference; lastKnownFileType = sourcecode.c.h; path = AppDelegate.h; sourceTree = "<group>"; };
		558C76DD1D86318A001190A3 /* AppDelegate.m */ = {isa = PBXFileReference; lastKnownFileType = sourcecode.c.objc; path = AppDelegate.m; sourceTree = "<group>"; };
		558C76E31D86318A001190A3 /* Base */ = {isa = PBXFileReference; lastKnownFileType = file.storyboard; name = Base; path = Base.lproj/Main.storyboard; sourceTree = "<group>"; };
		558C76E51D86318A001190A3 /* Assets.xcassets */ = {isa = PBXFileReference; lastKnownFileType = folder.assetcatalog; path = Assets.xcassets; sourceTree = "<group>"; };
		558C76E81D86318A001190A3 /* Base */ = {isa = PBXFileReference; lastKnownFileType = file.storyboard; name = Base; path = Base.lproj/LaunchScreen.storyboard; sourceTree = "<group>"; };
		558C76EA1D86318A001190A3 /* Info.plist */ = {isa = PBXFileReference; lastKnownFileType = text.plist.xml; path = Info.plist; sourceTree = "<group>"; };
		558C76F01D8632EF001190A3 /* lista.plist */ = {isa = PBXFileReference; fileEncoding = 4; lastKnownFileType = text.plist.xml; path = lista.plist; sourceTree = "<group>"; };
		558C76F21D863D91001190A3 /* TableViewController.h */ = {isa = PBXFileReference; fileEncoding = 4; lastKnownFileType = sourcecode.c.h; path = TableViewController.h; sourceTree = "<group>"; };
		558C76F31D863D91001190A3 /* TableViewController.m */ = {isa = PBXFileReference; fileEncoding = 4; lastKnownFileType = sourcecode.c.objc; path = TableViewController.m; sourceTree = "<group>"; };
		558C76F51D86401A001190A3 /* DetalheViewController.h */ = {isa = PBXFileReference; fileEncoding = 4; lastKnownFileType = sourcecode.c.h; path = DetalheViewController.h; sourceTree = "<group>"; };
		558C76F61D86401A001190A3 /* DetalheViewController.m */ = {isa = PBXFileReference; fileEncoding = 4; lastKnownFileType = sourcecode.c.objc; path = DetalheViewController.m; sourceTree = "<group>"; };
/* End PBXFileReference section */

/* Begin PBXFrameworksBuildPhase section */
		558C76D31D86318A001190A3 /* Frameworks */ = {
			isa = PBXFrameworksBuildPhase;
			buildActionMask = 2147483647;
			files = (
			);
			runOnlyForDeploymentPostprocessing = 0;
		};
/* End PBXFrameworksBuildPhase section */

/* Begin PBXGroup section */
		558C76CD1D86318A001190A3 = {
			isa = PBXGroup;
			children = (
				558C76D81D86318A001190A3 /* DesafioAula4 */,
				558C76D71D86318A001190A3 /* Products */,
			);
			sourceTree = "<group>";
		};
		558C76D71D86318A001190A3 /* Products */ = {
			isa = PBXGroup;
			children = (
				558C76D61D86318A001190A3 /* DesafioAula4.app */,
			);
			name = Products;
			sourceTree = "<group>";
		};
		558C76D81D86318A001190A3 /* DesafioAula4 */ = {
			isa = PBXGroup;
			children = (
				558C76DC1D86318A001190A3 /* AppDelegate.h */,
				558C76DD1D86318A001190A3 /* AppDelegate.m */,
				558C76E21D86318A001190A3 /* Main.storyboard */,
				558C76E51D86318A001190A3 /* Assets.xcassets */,
				558C76E71D86318A001190A3 /* LaunchScreen.storyboard */,
				558C76F01D8632EF001190A3 /* lista.plist */,
				558C76EA1D86318A001190A3 /* Info.plist */,
				558C76D91D86318A001190A3 /* Supporting Files */,
				558C76F21D863D91001190A3 /* TableViewController.h */,
				558C76F31D863D91001190A3 /* TableViewController.m */,
				558C76F51D86401A001190A3 /* DetalheViewController.h */,
				558C76F61D86401A001190A3 /* DetalheViewController.m */,
			);
			path = DesafioAula4;
			sourceTree = "<group>";
		};
		558C76D91D86318A001190A3 /* Supporting Files */ = {
			isa = PBXGroup;
			children = (
				558C76DA1D86318A001190A3 /* main.m */,
			);
			name = "Supporting Files";
			sourceTree = "<group>";
		};
/* End PBXGroup section */

/* Begin PBXNativeTarget section */
		558C76D51D86318A001190A3 /* DesafioAula4 */ = {
			isa = PBXNativeTarget;
			buildConfigurationList = 558C76ED1D86318A001190A3 /* Build configuration list for PBXNativeTarget "DesafioAula4" */;
			buildPhases = (
				558C76D21D86318A001190A3 /* Sources */,
				558C76D31D86318A001190A3 /* Frameworks */,
				558C76D41D86318A001190A3 /* Resources */,
			);
			buildRules = (
			);
			dependencies = (
			);
			name = DesafioAula4;
			productName = DesafioAula4;
			productReference = 558C76D61D86318A001190A3 /* DesafioAula4.app */;
			productType = "com.apple.product-type.application";
		};
/* End PBXNativeTarget section */

/* Begin PBXProject section */
		558C76CE1D86318A001190A3 /* Project object */ = {
			isa = PBXProject;
			attributes = {
				LastUpgradeCheck = 0730;
				ORGANIZATIONNAME = Felipe;
				TargetAttributes = {
					558C76D51D86318A001190A3 = {
						CreatedOnToolsVersion = 7.3.1;
					};
				};
			};
			buildConfigurationList = 558C76D11D86318A001190A3 /* Build configuration list for PBXProject "DesafioAula4" */;
			compatibilityVersion = "Xcode 3.2";
			developmentRegion = English;
			hasScannedForEncodings = 0;
			knownRegions = (
				en,
				Base,
			);
			mainGroup = 558C76CD1D86318A001190A3;
			productRefGroup = 558C76D71D86318A001190A3 /* Products */;
			projectDirPath = "";
			projectRoot = "";
			targets = (
				558C76D51D86318A001190A3 /* DesafioAula4 */,
			);
		};
/* End PBXProject section */

/* Begin PBXResourcesBuildPhase section */
		558C76D41D86318A001190A3 /* Resources */ = {
			isa = PBXResourcesBuildPhase;
			buildActionMask = 2147483647;
			files = (
				558C76F11D8632EF001190A3 /* lista.plist in Resources */,
				558C76E91D86318A001190A3 /* LaunchScreen.storyboard in Resources */,
				558C76E61D86318A001190A3 /* Assets.xcassets in Resources */,
				558C76E41D86318A001190A3 /* Main.storyboard in Resources */,
			);
			runOnlyForDeploymentPostprocessing = 0;
		};
/* End PBXResourcesBuildPhase section */

/* Begin PBXSourcesBuildPhase section */
		558C76D21D86318A001190A3 /* Sources */ = {
			isa = PBXSourcesBuildPhase;
			buildActionMask = 2147483647;
			files = (
				558C76F71D86401A001190A3 /* DetalheViewController.m in Sources */,
				558C76DE1D86318A001190A3 /* AppDelegate.m in Sources */,
				558C76DB1D86318A001190A3 /* main.m in Sources */,
				558C76F41D863D91001190A3 /* TableViewController.m in Sources */,
			);
			runOnlyForDeploymentPostprocessing = 0;
		};
/* End PBXSourcesBuildPhase section */

/* Begin PBXVariantGroup section */
		558C76E21D86318A001190A3 /* Main.storyboard */ = {
			isa = PBXVariantGroup;
			children = (
				558C76E31D86318A001190A3 /* Base */,
			);
			name = Main.storyboard;
			sourceTree = "<group>";
		};
		558C76E71D86318A001190A3 /* LaunchScreen.storyboard */ = {
			isa = PBXVariantGroup;
			children = (
				558C76E81D86318A001190A3 /* Base */,
			);
			name = LaunchScreen.storyboard;
			sourceTree = "<group>";
		};
/* End PBXVariantGroup section */

/* Begin XCBuildConfiguration section */
		558C76EB1D86318A001190A3 /* Debug */ = {
			isa = XCBuildConfiguration;
			buildSettings = {
				ALWAYS_SEARCH_USER_PATHS = NO;
				CLANG_ANALYZER_NONNULL = YES;
				CLANG_CXX_LANGUAGE_STANDARD = "gnu++0x";
				CLANG_CXX_LIBRARY = "libc++";
				CLANG_ENABLE_MODULES = YES;
				CLANG_ENABLE_OBJC_ARC = YES;
				CLANG_WARN_BOOL_CONVERSION = YES;
				CLANG_WARN_CONSTANT_CONVERSION = YES;
				CLANG_WARN_DIRECT_OBJC_ISA_USAGE = YES_ERROR;
				CLANG_WARN_EMPTY_BODY = YES;
				CLANG_WARN_ENUM_CONVERSION = YES;
				CLANG_WARN_INT_CONVERSION = YES;
				CLANG_WARN_OBJC_ROOT_CLASS = YES_ERROR;
				CLANG_WARN_UNREACHABLE_CODE = YES;
				CLANG_WARN__DUPLICATE_METHOD_MATCH = YES;
				"CODE_SIGN_IDENTITY[sdk=iphoneos*]" = "iPhone Developer";
				COPY_PHASE_STRIP = NO;
				DEBUG_INFORMATION_FORMAT = dwarf;
				ENABLE_STRICT_OBJC_MSGSEND = YES;
				ENABLE_TESTABILITY = YES;
				GCC_C_LANGUAGE_STANDARD = gnu99;
				GCC_DYNAMIC_NO_PIC = NO;
				GCC_NO_COMMON_BLOCKS = YES;
				GCC_OPTIMIZATION_LEVEL = 0;
				GCC_PREPROCESSOR_DEFINITIONS = (
					"DEBUG=1",
					"$(inherited)",
				);
				GCC_WARN_64_TO_32_BIT_CONVERSION = YES;
				GCC_WARN_ABOUT_RETURN_TYPE = YES_ERROR;
				GCC_WARN_UNDECLARED_SELECTOR = YES;
				GCC_WARN_UNINITIALIZED_AUTOS = YES_AGGRESSIVE;
				GCC_WARN_UNUSED_FUNCTION = YES;
				GCC_WARN_UNUSED_VARIABLE = YES;
				IPHONEOS_DEPLOYMENT_TARGET = 9.3;
				MTL_ENABLE_DEBUG_INFO = YES;
				ONLY_ACTIVE_ARCH = YES;
				SDKROOT = iphoneos;
				TARGETED_DEVICE_FAMILY = "1,2";
			};
			name = Debug;
		};
		558C76EC1D86318A001190A3 /* Release */ = {
			isa = XCBuildConfiguration;
			buildSettings = {
				ALWAYS_SEARCH_USER_PATHS = NO;
				CLANG_ANALYZER_NONNULL = YES;
				CLANG_CXX_LANGUAGE_STANDARD = "gnu++0x";
				CLANG_CXX_LIBRARY = "libc++";
				CLANG_ENABLE_MODULES = YES;
				CLANG_ENABLE_OBJC_ARC = YES;
				CLANG_WARN_BOOL_CONVERSION = YES;
				CLANG_WARN_CONSTANT_CONVERSION = YES;
				CLANG_WARN_DIRECT_OBJC_ISA_USAGE = YES_ERROR;
				CLANG_WARN_EMPTY_BODY = YES;
				CLANG_WARN_ENUM_CONVERSION = YES;
				CLANG_WARN_INT_CONVERSION = YES;
				CLANG_WARN_OBJC_ROOT_CLASS = YES_ERROR;
				CLANG_WARN_UNREACHABLE_CODE = YES;
				CLANG_WARN__DUPLICATE_METHOD_MATCH = YES;
				"CODE_SIGN_IDENTITY[sdk=iphoneos*]" = "iPhone Developer";
				COPY_PHASE_STRIP = NO;
				DEBUG_INFORMATION_FORMAT = "dwarf-with-dsym";
				ENABLE_NS_ASSERTIONS = NO;
				ENABLE_STRICT_OBJC_MSGSEND = YES;
				GCC_C_LANGUAGE_STANDARD = gnu99;
				GCC_NO_COMMON_BLOCKS = YES;
				GCC_WARN_64_TO_32_BIT_CONVERSION = YES;
				GCC_WARN_ABOUT_RETURN_TYPE = YES_ERROR;
				GCC_WARN_UNDECLARED_SELECTOR = YES;
				GCC_WARN_UNINITIALIZED_AUTOS = YES_AGGRESSIVE;
				GCC_WARN_UNUSED_FUNCTION = YES;
				GCC_WARN_UNUSED_VARIABLE = YES;
				IPHONEOS_DEPLOYMENT_TARGET = 9.3;
				MTL_ENABLE_DEBUG_INFO = NO;
				SDKROOT = iphoneos;
				TARGETED_DEVICE_FAMILY = "1,2";
				VALIDATE_PRODUCT = YES;
			};
			name = Release;
		};
		558C76EE1D86318A001190A3 /* Debug */ = {
			isa = XCBuildConfiguration;
			buildSettings = {
				ASSETCATALOG_COMPILER_APPICON_NAME = AppIcon;
				INFOPLIST_FILE = DesafioAula4/Info.plist;
				LD_RUNPATH_SEARCH_PATHS = "$(inherited) @executable_path/Frameworks";
				PRODUCT_BUNDLE_IDENTIFIER = com.felipe.DesafioAula4;
				PRODUCT_NAME = "$(TARGET_NAME)";
			};
			name = Debug;
		};
		558C76EF1D86318A001190A3 /* Release */ = {
			isa = XCBuildConfiguration;
			buildSettings = {
				ASSETCATALOG_COMPILER_APPICON_NAME = AppIcon;
				INFOPLIST_FILE = DesafioAula4/Info.plist;
				LD_RUNPATH_SEARCH_PATHS = "$(inherited) @executable_path/Frameworks";
				PRODUCT_BUNDLE_IDENTIFIER = com.felipe.DesafioAula4;
				PRODUCT_NAME = "$(TARGET_NAME)";
			};
			name = Release;
		};
/* End XCBuildConfiguration section */

/* Begin XCConfigurationList section */
		558C76D11D86318A001190A3 /* Build configuration list for PBXProject "DesafioAula4" */ = {
			isa = XCConfigurationList;
			buildConfigurations = (
				558C76EB1D86318A001190A3 /* Debug */,
				558C76EC1D86318A001190A3 /* Release */,
			);
			defaultConfigurationIsVisible = 0;
			defaultConfigurationName = Release;
		};
		558C76ED1D86318A001190A3 /* Build configuration list for PBXNativeTarget "DesafioAula4" */ = {
			isa = XCConfigurationList;
			buildConfigurations = (
				558C76EE1D86318A001190A3 /* Debug */,
				558C76EF1D86318A001190A3 /* Release */,
			);
			defaultConfigurationIsVisible = 0;
			defaultConfigurationName = Release;
		};
/* End XCConfigurationList section */
	};
	rootObject = 558C76CE1D86318A001190A3 /* Project object */;
}
